
Microsoft Visual Studio Solution File, Format Version 12.00
# Visual Studio Version 16
VisualStudioVersion = 16.0.31702.278
MinimumVisualStudioVersion = 10.0.40219.1
Project("{9A19103F-16F7-4668-BE54-9A1E7A4F7556}") = "BankSystem", "BankSystem\BankSystem.csproj", "{8269E2EB-BF9A-4AA4-861B-9DF13E351E31}"
EndProject
Project("{FAE04EC0-301F-11D3-BF4B-00C04F79EFBC}") = "BankSystemTests2", "BankSystemTests2\BankSystemTests2.csproj", "{9AA9BB53-A178-4A5D-8BE2-A9702221EE6E}"
EndProject
Global
	GlobalSection(SolutionConfigurationPlatforms) = preSolution
		Debug|Any CPU = Debug|Any CPU
		Release|Any CPU = Release|Any CPU
	EndGlobalSection
	GlobalSection(ProjectConfigurationPlatforms) = postSolution
		{8269E2EB-BF9A-4AA4-861B-9DF13E351E31}.Debug|Any CPU.ActiveCfg = Debug|Any CPU
		{8269E2EB-BF9A-4AA4-861B-9DF13E351E31}.Debug|Any CPU.Build.0 = Debug|Any CPU
		{8269E2EB-BF9A-4AA4-861B-9DF13E351E31}.Release|Any CPU.ActiveCfg = Release|Any CPU
		{8269E2EB-BF9A-4AA4-861B-9DF13E351E31}.Release|Any CPU.Build.0 = Release|Any CPU
		{9AA9BB53-A178-4A5D-8BE2-A9702221EE6E}.Debug|Any CPU.ActiveCfg = Debug|Any CPU
		{9AA9BB53-A178-4A5D-8BE2-A9702221EE6E}.Debug|Any CPU.Build.0 = Debug|Any CPU
		{9AA9BB53-A178-4A5D-8BE2-A9702221EE6E}.Release|Any CPU.ActiveCfg = Release|Any CPU
		{9AA9BB53-A178-4A5D-8BE2-A9702221EE6E}.Release|Any CPU.Build.0 = Release|Any CPU
	EndGlobalSection
	GlobalSection(SolutionProperties) = preSolution
		HideSolutionNode = FALSE
	EndGlobalSection
	GlobalSection(ExtensibilityGlobals) = postSolution
		SolutionGuid = {B21EFFDA-315E-4049-8AA9-262E0EB3CC67}
	EndGlobalSection
EndGlobal
